
Microsoft Visual Studio Solution File, Format Version 12.00
# Visual Studio 14
VisualStudioVersion = 14.0.25420.1
MinimumVisualStudioVersion = 10.0.40219.1
Project("{FAE04EC0-301F-11D3-BF4B-00C04F79EFBC}") = "PCIBusiness", "PCIBusiness\PCIBusiness.csproj", "{24BE56C3-FD48-4D4F-ABB5-9D78B3AFF620}"
EndProject
Project("{FAE04EC0-301F-11D3-BF4B-00C04F79EFBC}") = "PCIWebFinAid", "PCIWebFinAid\PCIWebFinAid.csproj", "{B4452FEE-D776-4617-9360-2ABA86FEC523}"
EndProject
Global
	GlobalSection(SolutionConfigurationPlatforms) = preSolution
		Debug|Any CPU = Debug|Any CPU
		Release|Any CPU = Release|Any CPU
	EndGlobalSection
	GlobalSection(ProjectConfigurationPlatforms) = postSolution
		{24BE56C3-FD48-4D4F-ABB5-9D78B3AFF620}.Debug|Any CPU.ActiveCfg = Debug|Any CPU
		{24BE56C3-FD48-4D4F-ABB5-9D78B3AFF620}.Debug|Any CPU.Build.0 = Debug|Any CPU
		{24BE56C3-FD48-4D4F-ABB5-9D78B3AFF620}.Release|Any CPU.ActiveCfg = Release|Any CPU
		{24BE56C3-FD48-4D4F-ABB5-9D78B3AFF620}.Release|Any CPU.Build.0 = Release|Any CPU
		{B4452FEE-D776-4617-9360-2ABA86FEC523}.Debug|Any CPU.ActiveCfg = Debug|Any CPU
		{B4452FEE-D776-4617-9360-2ABA86FEC523}.Debug|Any CPU.Build.0 = Debug|Any CPU
		{B4452FEE-D776-4617-9360-2ABA86FEC523}.Release|Any CPU.ActiveCfg = Release|Any CPU
		{B4452FEE-D776-4617-9360-2ABA86FEC523}.Release|Any CPU.Build.0 = Release|Any CPU
	EndGlobalSection
	GlobalSection(SolutionProperties) = preSolution
		HideSolutionNode = FALSE
	EndGlobalSection
EndGlobal
